
Microsoft Visual Studio Solution File, Format Version 12.00
# Visual Studio 15
VisualStudioVersion = 15.0.26730.12
MinimumVisualStudioVersion = 10.0.40219.1
Project("{FAE04EC0-301F-11D3-BF4B-00C04F79EFBC}") = "TriviaGameApp", "TriviaGameApp\TriviaGameApp.csproj", "{DB39FD6A-2ECF-469E-A802-9715A741D5D6}"
EndProject
Global
	GlobalSection(SolutionConfigurationPlatforms) = preSolution
		Debug|Any CPU = Debug|Any CPU
		Release|Any CPU = Release|Any CPU
	EndGlobalSection
	GlobalSection(ProjectConfigurationPlatforms) = postSolution
		{DB39FD6A-2ECF-469E-A802-9715A741D5D6}.Debug|Any CPU.ActiveCfg = Debug|Any CPU
		{DB39FD6A-2ECF-469E-A802-9715A741D5D6}.Debug|Any CPU.Build.0 = Debug|Any CPU
		{DB39FD6A-2ECF-469E-A802-9715A741D5D6}.Release|Any CPU.ActiveCfg = Release|Any CPU
		{DB39FD6A-2ECF-469E-A802-9715A741D5D6}.Release|Any CPU.Build.0 = Release|Any CPU
	EndGlobalSection
	GlobalSection(SolutionProperties) = preSolution
		HideSolutionNode = FALSE
	EndGlobalSection
	GlobalSection(ExtensibilityGlobals) = postSolution
		SolutionGuid = {DD7C9669-494C-4A05-BC4E-7C9D53EC1B2B}
	EndGlobalSection
EndGlobal
